
Microsoft Visual Studio Solution File, Format Version 12.00
# Visual Studio Version 17
VisualStudioVersion = 17.14.37301.10 d17.14
MinimumVisualStudioVersion = 10.0.40219.1
Project("{FAE04EC0-301F-11D3-BF4B-00C04F79EFBC}") = "Barberia.Api", "Barberia.Api\Barberia.Api.csproj", "{F3458031-353F-4066-87E4-AA18B38A42B5}"
EndProject
Global
	GlobalSection(SolutionConfigurationPlatforms) = preSolution
		Debug|Any CPU = Debug|Any CPU
		Release|Any CPU = Release|Any CPU
	EndGlobalSection
	GlobalSection(ProjectConfigurationPlatforms) = postSolution
		{F3458031-353F-4066-87E4-AA18B38A42B5}.Debug|Any CPU.ActiveCfg = Debug|Any CPU
		{F3458031-353F-4066-87E4-AA18B38A42B5}.Debug|Any CPU.Build.0 = Debug|Any CPU
		{F3458031-353F-4066-87E4-AA18B38A42B5}.Release|Any CPU.ActiveCfg = Release|Any CPU
		{F3458031-353F-4066-87E4-AA18B38A42B5}.Release|Any CPU.Build.0 = Release|Any CPU
	EndGlobalSection
	GlobalSection(SolutionProperties) = preSolution
		HideSolutionNode = FALSE
	EndGlobalSection
	GlobalSection(ExtensibilityGlobals) = postSolution
		SolutionGuid = {23E62EA3-0E05-4E46-B862-9346BB4BE8C5}
	EndGlobalSection
EndGlobal
